
Microsoft Visual Studio Solution File, Format Version 12.00
# Visual Studio 15
VisualStudioVersion = 15.0.28307.1000
MinimumVisualStudioVersion = 10.0.40219.1
Project("{FAE04EC0-301F-11D3-BF4B-00C04F79EFBC}") = "MiPrimerProyectoConsola", "MiPrimerProyectoConsola\MiPrimerProyectoConsola.csproj", "{2E52E127-C7A8-4F11-B76F-5F950C372661}"
EndProject
Project("{FAE04EC0-301F-11D3-BF4B-00C04F79EFBC}") = "MiPrimerProyectoWindowsForms", "MiPrimerProyectoWindowsForms\MiPrimerProyectoWindowsForms.csproj", "{5046678D-C22F-4EA7-A7E2-E878145A78C1}"
EndProject
Global
	GlobalSection(SolutionConfigurationPlatforms) = preSolution
		Debug|Any CPU = Debug|Any CPU
		Release|Any CPU = Release|Any CPU
	EndGlobalSection
	GlobalSection(ProjectConfigurationPlatforms) = postSolution
		{2E52E127-C7A8-4F11-B76F-5F950C372661}.Debug|Any CPU.ActiveCfg = Debug|Any CPU
		{2E52E127-C7A8-4F11-B76F-5F950C372661}.Debug|Any CPU.Build.0 = Debug|Any CPU
		{2E52E127-C7A8-4F11-B76F-5F950C372661}.Release|Any CPU.ActiveCfg = Release|Any CPU
		{2E52E127-C7A8-4F11-B76F-5F950C372661}.Release|Any CPU.Build.0 = Release|Any CPU
		{5046678D-C22F-4EA7-A7E2-E878145A78C1}.Debug|Any CPU.ActiveCfg = Debug|Any CPU
		{5046678D-C22F-4EA7-A7E2-E878145A78C1}.Debug|Any CPU.Build.0 = Debug|Any CPU
		{5046678D-C22F-4EA7-A7E2-E878145A78C1}.Release|Any CPU.ActiveCfg = Release|Any CPU
		{5046678D-C22F-4EA7-A7E2-E878145A78C1}.Release|Any CPU.Build.0 = Release|Any CPU
	EndGlobalSection
	GlobalSection(SolutionProperties) = preSolution
		HideSolutionNode = FALSE
	EndGlobalSection
	GlobalSection(ExtensibilityGlobals) = postSolution
		SolutionGuid = {17864DA7-75F4-40DD-AC75-FBC28A9C7332}
	EndGlobalSection
EndGlobal
